
Microsoft Visual Studio Solution File, Format Version 12.00
# Visual Studio Version 17
VisualStudioVersion = 17.4.33403.182
MinimumVisualStudioVersion = 10.0.40219.1
Project("{FAE04EC0-301F-11D3-BF4B-00C04F79EFBC}") = "Vista", "Vista\Vista.csproj", "{D5E9EA9B-D326-4F66-84E2-0E6276D0F92D}"
EndProject
Project("{FAE04EC0-301F-11D3-BF4B-00C04F79EFBC}") = "Entidades", "Entidades\Entidades.csproj", "{8A78CA67-7730-435C-BC15-DC3F6F68DE6B}"
EndProject
Project("{FAE04EC0-301F-11D3-BF4B-00C04F79EFBC}") = "Datos", "Datos\Datos.csproj", "{477AEDCF-3183-4837-AA40-E799D60EF860}"
EndProject
Global
	GlobalSection(SolutionConfigurationPlatforms) = preSolution
		Debug|Any CPU = Debug|Any CPU
		Release|Any CPU = Release|Any CPU
	EndGlobalSection
	GlobalSection(ProjectConfigurationPlatforms) = postSolution
		{D5E9EA9B-D326-4F66-84E2-0E6276D0F92D}.Debug|Any CPU.ActiveCfg = Debug|Any CPU
		{D5E9EA9B-D326-4F66-84E2-0E6276D0F92D}.Debug|Any CPU.Build.0 = Debug|Any CPU
		{D5E9EA9B-D326-4F66-84E2-0E6276D0F92D}.Release|Any CPU.ActiveCfg = Release|Any CPU
		{D5E9EA9B-D326-4F66-84E2-0E6276D0F92D}.Release|Any CPU.Build.0 = Release|Any CPU
		{8A78CA67-7730-435C-BC15-DC3F6F68DE6B}.Debug|Any CPU.ActiveCfg = Debug|Any CPU
		{8A78CA67-7730-435C-BC15-DC3F6F68DE6B}.Debug|Any CPU.Build.0 = Debug|Any CPU
		{8A78CA67-7730-435C-BC15-DC3F6F68DE6B}.Release|Any CPU.ActiveCfg = Release|Any CPU
		{8A78CA67-7730-435C-BC15-DC3F6F68DE6B}.Release|Any CPU.Build.0 = Release|Any CPU
		{477AEDCF-3183-4837-AA40-E799D60EF860}.Debug|Any CPU.ActiveCfg = Debug|Any CPU
		{477AEDCF-3183-4837-AA40-E799D60EF860}.Debug|Any CPU.Build.0 = Debug|Any CPU
		{477AEDCF-3183-4837-AA40-E799D60EF860}.Release|Any CPU.ActiveCfg = Release|Any CPU
		{477AEDCF-3183-4837-AA40-E799D60EF860}.Release|Any CPU.Build.0 = Release|Any CPU
	EndGlobalSection
	GlobalSection(SolutionProperties) = preSolution
		HideSolutionNode = FALSE
	EndGlobalSection
	GlobalSection(ExtensibilityGlobals) = postSolution
		SolutionGuid = {C2951119-61CF-4B05-879B-95D57803C5E0}
	EndGlobalSection
EndGlobal
